version = 1
revision = 3
requires-python = ">=3.11"

[[package]]
name = "jpype1"
version = "1.5.2"
source = { registry = "https://pypi.org/simple" }
dependencies = [
    { name = "packaging" },
]
sdist = { url = "https://files.pythonhosted.org/packages/bd/68/47fa634cbd0418cbca86355e9421425f5892ee994f7338106327e49f9117/jpype1-1.5.2.tar.gz", hash = "sha256:74a42eccf21d30394c1832aec3985a14965fa5320da087b65029d172c0cec43b", size = 1011421, upload-time = "2025-01-27T10:33:16.738Z" }
wheels = [
    { url = "https://files.pythonhosted.org/packages/35/a0/638186a75026a02286041e4a0449b1dff799a3914dc1c0716ef9b9367b73/jpype1-1.5.2-cp311-cp311-macosx_10_9_universal2.whl", hash = "sha256:c9f6ab8dd284c16e2617a697d54c3d0304b08020a37386ed96103a129391a2d9", size = 584474, upload-time = "2025-01-27T10:33:04.674Z" },
    { url = "https://files.pythonhosted.org/packages/0e/78/95db2eb3c8a7311ee08a2c237cea24828859db6a6cb5e901971d3f5e49da/jpype1-1.5.2-cp311-cp311-manylinux_2_17_aarch64.manylinux2014_aarch64.whl", hash = "sha256:a54a771ee56260f98e5b9a77455084e4a48061967de13dabf628bdba9c8122e0", size = 467508, upload-time = "2025-01-27T10:33:07.567Z" },
    { url = "https://files.pythonhosted.org/packages/84/07/f4ed08bf1f65526d59a07efa86a79a2cc37263fea9a91efeb7dfd2b81bcb/jpype1-1.5.2-cp311-cp311-manylinux_2_17_i686.manylinux2014_i686.whl", hash = "sha256:05dc6d2759111483a9c808a50e67f556efe494e999585c7d7e7d6d8a8ee58525", size = 510256, upload-time = "2025-01-27T10:33:09.465Z" },
    { url = "https://files.pythonhosted.org/packages/0b/7d/9fdbbc1a574be43f9820735ca8df0caf8b159856201d9b21fd73932342bc/jpype1-1.5.2-cp311-cp311-manylinux_2_17_x86_64.manylinux2014_x86_64.whl", hash = "sha256:b900e154826a076118d074166596f1d817e113e07084bf0c9c43d8064a86ab77", size = 494076, upload-time = "2025-01-27T10:33:11.864Z" },
    { url = "https://files.pythonhosted.org/packages/0e/b9/4dfb38a7f4efb21f71df7344944a8d9a23e30d0503574e455af6ce4f1a56/jpype1-1.5.2-cp311-cp311-win_amd64.whl", hash = "sha256:0a0d18d4384b3df2e55282545737dfcf18c604504f1382ad14f880bef960f265", size = 356587, upload-time = "2025-01-27T10:33:13.634Z" },
    { url = "https://files.pythonhosted.org/packages/8d/e4/0c27352e8222dcc0e3ce44b298015072d2057d08dd353541c980a31d26c9/jpype1-1.5.2-cp312-cp312-macosx_10_9_universal2.whl", hash = "sha256:1e1db9ac909ad2ae0e40b04c2aa88cb14250d5245d69715561507681f2b08b2f", size = 583445, upload-time = "2025-01-27T10:34:27.303Z" },
    { url = "https://files.pythonhosted.org/packages/fa/4c/e0200a6e3fed5cda79e926c2a8a610676f04948f89d7e38d93c7d4b21be9/jpype1-1.5.2-cp312-cp312-manylinux_2_17_aarch64.manylinux2014_aarch64.whl", hash = "sha256:994fb7b319b453f77ad4b6aff01e0dd4180ea74a6fe5a031e4e9db92dbe95376", size = 466485, upload-time = "2025-01-27T10:34:30.021Z" },
    { url = "https://files.pythonhosted.org/packages/c3/ad/d85926b2f0104ded953fa53ff95fe71c96935cd742fdadb888f1145ffe79/jpype1-1.5.2-cp312-cp312-manylinux_2_17_i686.manylinux2014_i686.whl", hash = "sha256:bec2f1009d7221fb3443decfb8f326039febc93578aadedfb3e052dab0afbf5a", size = 509372, upload-time = "2025-01-27T10:34:31.94Z" },
    { url = "https://files.pythonhosted.org/packages/74/f3/1cd4332076ed0421e703412f47f15f43af170809435c57ba3162edc80d4b/jpype1-1.5.2-cp312-cp312-manylinux_2_17_x86_64.manylinux2014_x86_64.whl", hash = "sha256:b5b1fb2b430a50f081ea0ee24d19232ae0d03dbfe3dd076ec5f8ae42b30a656f", size = 493520, upload-time = "2025-01-27T10:34:35.301Z" },
    { url = "https://files.pythonhosted.org/packages/74/dd/7408d4beae755de6fcd07c76b2f0bacabc0461b43fba83811c1f7c22440e/jpype1-1.5.2-cp312-cp312-win_amd64.whl", hash = "sha256:c7b1c2d76d211cab60be16505d32a6b3c9fffc51ce79c68e81a3d48e5effff2d", size = 356149, upload-time = "2025-01-27T10:34:38.135Z" },
    { url = "https://files.pythonhosted.org/packages/76/be/b37005bec457b94eaaf637a663073b7c5df70113fd4ae4865f6e386c612f/jpype1-1.5.2-cp313-cp313-macosx_10_13_universal2.whl", hash = "sha256:4acb098cb1698b14b6e5c79e275f4c70dcc01b0fb93425f206d0a5e380e43c66", size = 583600, upload-time = "2025-01-27T10:34:40.865Z" },
    { url = "https://files.pythonhosted.org/packages/20/a3/00a265d424f7d47e0dc547df2320225ce0143fec671faf710def41404b8c/jpype1-1.5.2-cp313-cp313-manylinux_2_17_aarch64.manylinux2014_aarch64.whl", hash = "sha256:c08480c7d18125664a12bf0a244b96b49c05105306b65937dbefeb05ab4b2847", size = 466426, upload-time = "2025-01-27T10:34:42.592Z" },
    { url = "https://files.pythonhosted.org/packages/0e/cd/890d9ed43d7e1366e151c0ed7046e59f6c1cb7ecfc8ecfefe9e5e79f8420/jpype1-1.5.2-cp313-cp313-manylinux_2_17_i686.manylinux2014_i686.whl", hash = "sha256:6819f231c651ef876ffb23158083ea498ff80b57c46da537148412aa22235a13", size = 509513, upload-time = "2025-01-27T10:34:44.538Z" },
    { url = "https://files.pythonhosted.org/packages/6d/d0/191db2e9ab6ae7029368a488c9d88235966843b185aba7925e54aa0c0013/jpype1-1.5.2-cp313-cp313-manylinux_2_17_x86_64.manylinux2014_x86_64.whl", hash = "sha256:42fe8db66ad4e5c66f637f5c4de82fca880ba696104e1f4a7e575885923dead8", size = 493474, upload-time = "2025-01-27T10:34:46.37Z" },
    { url = "https://files.pythonhosted.org/packages/e3/b7/e1787633b41d609320b41d0dd87fe3118598210609e4e3f6cef93cfcef40/jpype1-1.5.2-cp313-cp313-win_amd64.whl", hash = "sha256:2b96365f1302df2fb3c6ad73117d6fe450a55b7550fd7fecadac3cec5bc7117c", size = 356150, upload-time = "2025-01-27T10:34:56.58Z" },
    { url = "https://files.pythonhosted.org/packages/a8/c8/76541ffefa6fc4ee7a3a8c7e6d9e376f5ac8980a47ff31a8c330ffbb5dcf/jpype1-1.5.2-cp313-cp313t-manylinux_2_17_aarch64.manylinux2014_aarch64.whl", hash = "sha256:4ea5001f6a7a42be6f5f500dcb20dad5738fef6a7d19c86dbcf482b803f01cab", size = 468412, upload-time = "2025-01-27T10:34:49.155Z" },
    { url = "https://files.pythonhosted.org/packages/be/6f/827ca43aaa5ea6b773aa90b405acec22bd152d1284aa40f7c0c02bc1657b/jpype1-1.5.2-cp313-cp313t-manylinux_2_17_i686.manylinux2014_i686.whl", hash = "sha256:220d33305998ff7a7cbc9c0b5eea54f2691fdc21e60d52ad56276ea13fd5bd4c", size = 511322, upload-time = "2025-01-27T10:34:52.832Z" },
    { url = "https://files.pythonhosted.org/packages/76/37/f1396d7b66f9b6867a279db510e625ba51c8a4b4397f59a6c2b20fb55548/jpype1-1.5.2-cp313-cp313t-manylinux_2_17_x86_64.manylinux2014_x86_64.whl", hash = "sha256:6f1ed152fdd5200067dc0cdcd4683530b87a6be3987b98596cdf5a7d3ac4c679", size = 494714, upload-time = "2025-01-27T10:34:54.785Z" },
]

[[package]]
name = "packaging"
version = "26.3"
source = { registry = "https://pypi.org/simple" }
sdist = { url = "https://files.pythonhosted.org/packages/7d/fa/3944b40b07da9ce895c0e6303a5ab7d53da063554f534556b134a54d6093/packaging-26.3.tar.gz", hash = "sha256:94edc256424af38762eb31306eed28beb9f0efc50a8837492c9d6fd6004aed79", size = 313412, upload-time = "2026-08-04T18:15:28.737Z" }
wheels = [
    { url = "https://files.pythonhosted.org/packages/63/34/ba1c580383c9eada3711951fef0795c80b829a078d72188184bcab9dd527/packaging-26.3-py3-none-any.whl", hash = "sha256:d7193f7c8e4e93f444fde0262bf90af30e16fa0ad0ad44cb553c87339b23cd1c", size = 129956, upload-time = "2026-08-04T18:15:27.159Z" },
]

[[package]]
name = "pyghidra"
version = "2.2.1"
source = { registry = "https://pypi.org/simple" }
dependencies = [
    { name = "jpype1" },
    { name = "packaging" },
]
sdist = { url = "https://files.pythonhosted.org/packages/09/36/fd7a7c4b5aa6280f9b4c1890aeb27abb447dd71ef2589b232c55ab6cd3ad/pyghidra-2.2.1.tar.gz", hash = "sha256:d1a8c6447a6df1016a3826662a75eb14f2ad7058c9a8f4b09322c73a7a4fcad4", size = 43239, upload-time = "2025-12-01T18:40:10.625Z" }
wheels = [
    { url = "https://files.pythonhosted.org/packages/e3/be/769994984591e962377aa0a0ed90f1eac842c4167ef7e8be2225e70a6d56/pyghidra-2.2.1-py3-none-any.whl", hash = "sha256:62275e315759a06937bfa19ced4df9a7fd35a821502699f56f661dc6d8fc1ebc", size = 43349, upload-time = "2025-12-01T18:40:09.791Z" },
]

[[package]]
name = "staticre"
version = "0.1.0"
source = { editable = "." }
dependencies = [
    { name = "pyghidra" },
]

[package.metadata]
requires-dist = [{ name = "pyghidra", specifier = "==2.2.1" }]
